{
    "_readme": [
        "This file locks the dependencies of your project to a known state",
        "Read more about it at https://getcomposer.org/doc/01-basic-usage.md#installing-dependencies",
        "This file is @generated automatically"
    ],
    "content-hash": "0f852248450955be20f5931d2b3df142",
    "packages": [
        {
            "name": "ug-lay/php",
            "version": "dev-main",
            "dist": {
                "type": "path",
                "url": "../../packages/php",
                "reference": "9efe3ba5be30f94b882596fb40a4473137488fcd"
            },
            "require": {
                "php": "^8.2"
            },
            "type": "library",
            "autoload": {
                "psr-4": {
                    "UgLayout\\": "src/"
                }
            },
            "autoload-dev": {
                "psr-4": {
                    "UgLayout\\Tests\\": "tests/"
                }
            },
            "license": [
                "MIT"
            ],
            "description": "PHP DTOs and validation for ug-lay",
            "transport-options": {
                "relative": true
            }
        }
    ],
    "packages-dev": [],
    "aliases": [],
    "minimum-stability": "dev",
    "stability-flags": {},
    "prefer-stable": true,
    "prefer-lowest": false,
    "platform": {},
    "platform-dev": {},
    "plugin-api-version": "2.9.0"
}
