{
    "_readme": [
        "This file locks the dependencies of your project to a known state",
        "Read more about it at https://getcomposer.org/doc/01-basic-usage.md#installing-dependencies",
        "This file is @generated automatically"
    ],
    "content-hash": "cee70a22a06b20c4ccf572a431d5e939",
    "packages": [
        {
            "name": "ug-layout/php",
            "version": "dev-master",
            "dist": {
                "type": "path",
                "url": "../../packages/php",
                "reference": "8e01761f35533f47c99a18f6bd2bf32e7dcacd96"
            },
            "require": {
                "php": "^8.2"
            },
            "type": "library",
            "autoload": {
                "psr-4": {
                    "UgLayout\\": "src/"
                }
            },
            "autoload-dev": {
                "psr-4": {
                    "UgLayout\\Tests\\": "tests/"
                }
            },
            "license": [
                "MIT"
            ],
            "description": "PHP DTOs and validation for ug-layout",
            "transport-options": {
                "relative": true
            }
        }
    ],
    "packages-dev": [],
    "aliases": [],
    "minimum-stability": "stable",
    "stability-flags": {
        "ug-layout/php": 20
    },
    "prefer-stable": false,
    "prefer-lowest": false,
    "platform": {},
    "platform-dev": {},
    "plugin-api-version": "2.9.0"
}
